
Microsoft Visual Studio Solution File, Format Version 12.00
Project("{FAE04EC0-301F-11D3-BF4B-00C04F79EFBC}") = "SmartAIAssistant", "SmartAIAssistant.csproj", "{1A28DE59-05A9-4D16-B0D8-B24D82B65522}"
EndProject
Project("{FAE04EC0-301F-11D3-BF4B-00C04F79EFBC}") = "SemanticKernel", "..\SemanticKernel\SemanticKernel.csproj", "{0E5558E8-1CB4-4A87-B6AD-532C8453E5F0}"
EndProject
Global
	GlobalSection(SolutionConfigurationPlatforms) = preSolution
		Debug|Any CPU = Debug|Any CPU
		Release|Any CPU = Release|Any CPU
	EndGlobalSection
	GlobalSection(ProjectConfigurationPlatforms) = postSolution
		{1A28DE59-05A9-4D16-B0D8-B24D82B65522}.Debug|Any CPU.ActiveCfg = Debug|Any CPU
		{1A28DE59-05A9-4D16-B0D8-B24D82B65522}.Debug|Any CPU.Build.0 = Debug|Any CPU
		{1A28DE59-05A9-4D16-B0D8-B24D82B65522}.Release|Any CPU.ActiveCfg = Release|Any CPU
		{1A28DE59-05A9-4D16-B0D8-B24D82B65522}.Release|Any CPU.Build.0 = Release|Any CPU
		{0E5558E8-1CB4-4A87-B6AD-532C8453E5F0}.Debug|Any CPU.ActiveCfg = Debug|Any CPU
		{0E5558E8-1CB4-4A87-B6AD-532C8453E5F0}.Debug|Any CPU.Build.0 = Debug|Any CPU
		{0E5558E8-1CB4-4A87-B6AD-532C8453E5F0}.Release|Any CPU.ActiveCfg = Release|Any CPU
		{0E5558E8-1CB4-4A87-B6AD-532C8453E5F0}.Release|Any CPU.Build.0 = Release|Any CPU
	EndGlobalSection
EndGlobal
